
Microsoft Visual Studio Solution File, Format Version 12.00
# Visual Studio Version 17
VisualStudioVersion = 17.9.34728.123
MinimumVisualStudioVersion = 10.0.40219.1
Project("{2150E333-8FDC-42A3-9474-1A3956D46DE8}") = "01.Presentacion", "01.Presentacion", "{7B9878FF-2E2C-4D33-8FB4-D65108CC31C6}"
EndProject
Project("{2150E333-8FDC-42A3-9474-1A3956D46DE8}") = "02.Aplicacion", "02.Aplicacion", "{DC35495E-FDA8-4EAF-AAF1-7BE0B99B0213}"
EndProject
Project("{2150E333-8FDC-42A3-9474-1A3956D46DE8}") = "03.Dominio", "03.Dominio", "{4C3A5D0B-F9F4-4E65-991F-FCA8974A7CC8}"
EndProject
Project("{2150E333-8FDC-42A3-9474-1A3956D46DE8}") = "04.Infraestructura", "04.Infraestructura", "{20B7D617-1593-4B97-98F7-A190CAF31530}"
EndProject
Project("{9A19103F-16F7-4668-BE54-9A1E7A4F7556}") = "PAV_TPFinal_56340_Dominio", "PAV_TPFinal_56340_Dominio\PAV_TPFinal_56340_Dominio.csproj", "{40625F2A-908A-4E66-BEC2-7442A8CA5DD7}"
EndProject
Project("{9A19103F-16F7-4668-BE54-9A1E7A4F7556}") = "PAV_TPFinal_56340_Infraestructura_Datos", "PAV_TPFinal_56340_Infraestructura\PAV_TPFinal_56340_Infraestructura_Datos.csproj", "{59EA1D53-606F-423D-95F0-52770BFB0308}"
EndProject
Project("{9A19103F-16F7-4668-BE54-9A1E7A4F7556}") = "PAV_TPFinal_56340_Infraestructura_Transversal", "PAV_TPFinal_56340_Infraestructura_Transversal\PAV_TPFinal_56340_Infraestructura_Transversal.csproj", "{33D213D2-9F68-4002-AD3C-36E1A6AD25C4}"
EndProject
Project("{FAE04EC0-301F-11D3-BF4B-00C04F79EFBC}") = "PAV_TPFinal_56340_Presentacion", "PAV_TPFinal_56340_Presentacion\PAV_TPFinal_56340_Presentacion.csproj", "{96B8BCC3-805E-4E9D-9316-CE959EE5920F}"
EndProject
Global
	GlobalSection(SolutionConfigurationPlatforms) = preSolution
		Debug|Any CPU = Debug|Any CPU
		Release|Any CPU = Release|Any CPU
	EndGlobalSection
	GlobalSection(ProjectConfigurationPlatforms) = postSolution
		{40625F2A-908A-4E66-BEC2-7442A8CA5DD7}.Debug|Any CPU.ActiveCfg = Debug|Any CPU
		{40625F2A-908A-4E66-BEC2-7442A8CA5DD7}.Debug|Any CPU.Build.0 = Debug|Any CPU
		{40625F2A-908A-4E66-BEC2-7442A8CA5DD7}.Release|Any CPU.ActiveCfg = Release|Any CPU
		{40625F2A-908A-4E66-BEC2-7442A8CA5DD7}.Release|Any CPU.Build.0 = Release|Any CPU
		{59EA1D53-606F-423D-95F0-52770BFB0308}.Debug|Any CPU.ActiveCfg = Debug|Any CPU
		{59EA1D53-606F-423D-95F0-52770BFB0308}.Debug|Any CPU.Build.0 = Debug|Any CPU
		{59EA1D53-606F-423D-95F0-52770BFB0308}.Release|Any CPU.ActiveCfg = Release|Any CPU
		{59EA1D53-606F-423D-95F0-52770BFB0308}.Release|Any CPU.Build.0 = Release|Any CPU
		{33D213D2-9F68-4002-AD3C-36E1A6AD25C4}.Debug|Any CPU.ActiveCfg = Debug|Any CPU
		{33D213D2-9F68-4002-AD3C-36E1A6AD25C4}.Debug|Any CPU.Build.0 = Debug|Any CPU
		{33D213D2-9F68-4002-AD3C-36E1A6AD25C4}.Release|Any CPU.ActiveCfg = Release|Any CPU
		{33D213D2-9F68-4002-AD3C-36E1A6AD25C4}.Release|Any CPU.Build.0 = Release|Any CPU
		{96B8BCC3-805E-4E9D-9316-CE959EE5920F}.Debug|Any CPU.ActiveCfg = Debug|Any CPU
		{96B8BCC3-805E-4E9D-9316-CE959EE5920F}.Debug|Any CPU.Build.0 = Debug|Any CPU
		{96B8BCC3-805E-4E9D-9316-CE959EE5920F}.Release|Any CPU.ActiveCfg = Release|Any CPU
		{96B8BCC3-805E-4E9D-9316-CE959EE5920F}.Release|Any CPU.Build.0 = Release|Any CPU
	EndGlobalSection
	GlobalSection(SolutionProperties) = preSolution
		HideSolutionNode = FALSE
	EndGlobalSection
	GlobalSection(NestedProjects) = preSolution
		{40625F2A-908A-4E66-BEC2-7442A8CA5DD7} = {4C3A5D0B-F9F4-4E65-991F-FCA8974A7CC8}
		{59EA1D53-606F-423D-95F0-52770BFB0308} = {20B7D617-1593-4B97-98F7-A190CAF31530}
		{33D213D2-9F68-4002-AD3C-36E1A6AD25C4} = {20B7D617-1593-4B97-98F7-A190CAF31530}
		{96B8BCC3-805E-4E9D-9316-CE959EE5920F} = {7B9878FF-2E2C-4D33-8FB4-D65108CC31C6}
	EndGlobalSection
	GlobalSection(ExtensibilityGlobals) = postSolution
		SolutionGuid = {8683C1A7-4459-4148-9428-F4F83DCA117D}
	EndGlobalSection
EndGlobal
